lockVersion: 2.0.0
id: 0a43c187-9557-485a-b41a-f2da5cc94f9f
management:
  docChecksum: c24a3df51ae25e968173643076def21d
  docVersion: 2.0.0
  speakeasyVersion: 1.711.0
  generationVersion: 2.818.4
  releaseVersion: 0.1.4
  configChecksum: 8eeb5febf2ac7a52cf7b3fac7d6752e5
  published: true
persistentEdits:
  generation_id: a2f0d4c1-dd58-48ae-9dfc-11f6a59f1f7f
  pristine_commit_hash: d245aa63ff78af751239a72105027a918f2851ba
  pristine_tree_hash: 2eb5264df9a65faecc3d0eb9dde60e60a350b63b
features:
  typescript:
    additionalDependencies: 0.1.0
    constsAndDefaults: 0.1.13
    core: 3.26.27
    defaultEnabledRetries: 0.1.0
    devContainers: 2.90.1
    enumUnions: 0.1.0
    envVarSecurityUsage: 0.1.2
    globalSecurity: 2.82.15
    globalSecurityCallbacks: 0.1.0
    globalSecurityFlattening: 0.1.0
    globalServerURLs: 2.83.0
    groups: 2.81.3
    methodArguments: 0.1.2
    nameOverrides: 2.81.2
    responseFormat: 0.3.0
    retries: 2.83.0
    sdkHooks: 0.4.0
    unions: 2.86.4
trackedFiles:
  .devcontainer/README.md:
    id: b170c0f184ac
    last_write_checksum: sha1:b6564d2a7c8ae764fff6d1b4666dcd787210a000
    pristine_git_object: cdef18c30e383534a868742e1b9148f2670606f9
  .devcontainer/devcontainer.json:
    id: b34062a34eb1
    last_write_checksum: sha1:d0b15193202c961e7d1875864ddb15f9d17c84dd
    pristine_git_object: 4d560dd5f40afaf10d96eb75b1f02cd48bbd640c
  .devcontainer/setup.sh:
    id: 5f1dfbfeb8eb
    last_write_checksum: sha1:36550e865100bef7df6b8a1926709c047957be59
    pristine_git_object: 33bd2484cfa30dcdb82a721c809df090a92d6fb7
  .gitattributes:
    id: 24139dae6567
    last_write_checksum: sha1:26d16d8297b104945139da8c25bd38feeaad3e25
    pristine_git_object: 113eead5093c17d43a46159132885318f281a68a
  .npmignore:
    id: aa70c1f807c3
    last_write_checksum: sha1:3d5eb92f81539175db1ff0280e0aefbdd701f200
    pristine_git_object: cf98a6bf092538eb10ff0edc915102682ce9a6e6
  FUNCTIONS.md:
    id: 21b9df02aaeb
    last_write_checksum: sha1:a5a973104b2e122081054484712bcce302e1d66a
    pristine_git_object: 857b4fef0eb9ae90287121824b7e99a115e11e8d
  RUNTIMES.md:
    id: 620c490847b6
    last_write_checksum: sha1:e45b854f02c357cbcfdb8c3663000e8339e16505
    pristine_git_object: 27731c3b5ace66bedc454ed5acbe15075aacd3dc
  USAGE.md:
    id: 3aed33ce6e6f
    last_write_checksum: sha1:922c3aa1cb92b6ba4d4297bb5aae24f1fe9e9b10
    pristine_git_object: e0f50e53661ef9919edd200a7359b5cb60aee43a
  docs/lib/utils/retryconfig.md:
    id: 0ce9707cb848
    last_write_checksum: sha1:bc4454e196fcd219f5a78da690375a884f5ed07b
    pristine_git_object: 08f95f4552349360b2c0b01802aa71ec3a55d2c2
  docs/models/encoding.md:
    id: 1ce07acea215
    last_write_checksum: sha1:a874578527b4789b7043344f1afb74843d47da78
    pristine_git_object: b8d21e30ad81b384d141bb821e49705da2e16f4a
  docs/models/errors/error-response.md:
    id: 42d2f6b1c814
    last_write_checksum: sha1:7495de2e7e20622aeb6ec5b647dfdb8325b94922
    pristine_git_object: 2cfb0026be2b9aa641c2e4e9bcf5bd01cd9b2ae6
  docs/models/operations/post-verify-response.md:
    id: ff32f2a728f6
    last_write_checksum: sha1:d99cb8e1f2531525262b80fd273001a0f0e0de99
    pristine_git_object: 0f344751431bf7154c6592cdfaae24111bc7c4b5
  docs/models/proof-result.md:
    id: 78f97dc35412
    last_write_checksum: sha1:bfec3e310be8a1818f34dd9b62bf045ec5083866
    pristine_git_object: d6068d3d19462c41c5dfadddf140558e70b4cb08
  docs/models/prove-input.md:
    id: e64eaf98fea0
    last_write_checksum: sha1:bba9be6201274b07399b729fa8741567a1784653
    pristine_git_object: ffd047772ff2d958be739c0dd2bb7d6e1ee6cfc5
  docs/models/quota.md:
    id: dcf2f6e46a8d
    last_write_checksum: sha1:31a3c9bd69f21ecbdb6424d202191c15c0853b12
    pristine_git_object: a746ce6d1740bde89d03977b0df4e44c85736985
  docs/models/security.md:
    id: 452e4d4eb67a
    last_write_checksum: sha1:b6f0c1acc3e9e0e886b2300c41d4be979599b674
    pristine_git_object: cf1553a9d9019ffc1f8c5e6482517671bd0caa7c
  docs/models/status.md:
    id: 959cd204aadf
    last_write_checksum: sha1:a284e9abdd43fc15ecb863640e49e46a3dc324d8
    pristine_git_object: 8a634899f0ce60c18fa130e8fb7baf03cf742504
  docs/models/usage-result.md:
    id: 7d5a30c25f86
    last_write_checksum: sha1:d6999c778c98e678f7ec17f3cf525b4c1f585eeb
    pristine_git_object: 90ed98ebad50b5697c7f33ed4dab277cb8413259
  docs/models/verify-request-union.md:
    id: 9a0d7c4b82ae
    last_write_checksum: sha1:d555a3f76919275b4ef8a9ca65a6479bc757340d
    pristine_git_object: e4880c17541c741baec7d54206f8674931edfff4
  docs/models/verify-request1.md:
    id: 15e6ec14a200
    last_write_checksum: sha1:d86daca150c2d28f5b99b57b2f0569ad642f4138
    pristine_git_object: 0e71aaf781c98449405a4e7b1c54fa827fe20511
  docs/models/verify-request2.md:
    id: 3f5b5c3ef4f4
    last_write_checksum: sha1:777e22a7d31d92546fa1184c56612092452b98ac
    pristine_git_object: 7ded3d0b3097e8de40a1ac525f12e86a297ea227
  docs/models/verify-result-not-verified.md:
    id: f8344f303548
    last_write_checksum: sha1:6fb2ae52d0a5fed4ec9b6d48c3e8657c924e577d
    pristine_git_object: 06a4ce43b93f6afb054516de6ffe9cd15fe5bc59
  docs/models/verify-result-verified.md:
    id: ec0bf350e285
    last_write_checksum: sha1:4b2225b2d7d7e84144b1c83489f13926e7068e12
    pristine_git_object: f3bee0b0dcadc735698f69b4fe2c8b7266bc88f5
  docs/sdks/proofs/README.md:
    id: 4117db1692ca
    last_write_checksum: sha1:574919d6172b056f8a1db8ca061f7000c5d29616
    pristine_git_object: 9c813f5bb0f13104f808322ed5ffd5cf7bc2890e
  docs/sdks/usage/README.md:
    id: 631af2d7ce26
    last_write_checksum: sha1:3446a096f3ef15e76c4ab75357cb5ced1dd2ce6d
    pristine_git_object: 2c76761902f1d57ffab229674899fb0bb8e96809
  eslint.config.mjs:
    id: 461c8d07f6da
    last_write_checksum: sha1:9398f326377fe47f67af2df6eb6370750c0790b4
    pristine_git_object: 67bccfec985be20a00970d90155752832dd47135
  examples/.env.template:
    id: 52cbe5afed92
    last_write_checksum: sha1:8cb5c6e33529a9eb3e07c699481d492445aab68a
    pristine_git_object: e73beb9738b11038aaa28847f312982f5103163c
  examples/README.md:
    id: 9d0f69d6e677
    last_write_checksum: sha1:1478c1c12f79c53678c2ec436e8e858c60b59e38
    pristine_git_object: 202b5330f9c9431e7b25b386843a97831dba622e
  examples/package.json:
    id: c1d7b0ec8e7e
    last_write_checksum: sha1:c98265ae0db7b66b03437b488e80a0d49422b362
    pristine_git_object: a31ab193f651a05169366640048086f9e5fce68d
  examples/proofsCreate.example.ts:
    id: 1da52e43fb9b
    last_write_checksum: sha1:0f66d7a61be29b3ae6cf7dcb88d5a1afe07649b4
    pristine_git_object: a76202ccf5bc015a3cea046a543944f8eb234924
  jsr.json:
    id: 7f6ab7767282
    last_write_checksum: sha1:642dc6bfd24c15da64cfb0882cf7143d36046409
    pristine_git_object: e493f17c0c141670b6d5bfa97389008874836126
  package.json:
    id: 7030d0b2f71b
    last_write_checksum: sha1:0358f37d8938cbf53253e4bce44781a17e28fa69
    pristine_git_object: 9540938ca00a73304441e6edeadddb642d1f8f3c
  src/core.ts:
    id: f431fdbcd144
    last_write_checksum: sha1:1aeb8a4e9929bcb8e505820e8675b9f3f33451cc
    pristine_git_object: 4018660fb3fccc6b3bc56362961aa9897e393528
  src/funcs/proofs-create.ts:
    id: c84d09867ad4
    last_write_checksum: sha1:a8a780d6ffc847d9602a7fffe44ae3ea25f15c34
    pristine_git_object: acbea0de45455830fe8768aa404e9185ad9c8acf
  src/funcs/proofs-verify.ts:
    id: 6c60d169acf0
    last_write_checksum: sha1:7084cd0fe4805b32fc2e6e45cb474c2cf667b7cd
    pristine_git_object: 7ed3b0ab13b1f75a7a1e74c93de6b600a303e81f
  src/funcs/usage-get.ts:
    id: ee0baee06d7b
    last_write_checksum: sha1:4861c0e2534c781db3f83416075150a8c6ce4d6d
    pristine_git_object: 0623d68a25e00f288c6d76b33fe971424ff32d9c
  src/hooks/hooks.ts:
    id: a2463fc6f69b
    last_write_checksum: sha1:fca8fbb93caa95e04081273240c61985b717bd09
    pristine_git_object: ebc4ecc4b3ef338ce18bcd1df45d0557dba45517
  src/hooks/index.ts:
    id: 5f2dab62b520
    last_write_checksum: sha1:d6e9af6de9868405b9046d6035e8a431b16a1d7c
    pristine_git_object: 9345e1adf171233bc43038c328fdce155725936a
  src/hooks/types.ts:
    id: 2a02d86ec24f
    last_write_checksum: sha1:622c2ac820271766bc4010bfc3904738c4c5ed0f
    pristine_git_object: ccd5e5d812cb4d21a1013c89f04daad9d2f72190
  src/index.ts:
    id: c5fb850250c7
    last_write_checksum: sha1:7ed2a5fa061eff70d4a20f33fc3269c60a5b1821
    pristine_git_object: 35c2fb4c999bde2ca2b78b36088b052235d4bdff
  src/lib/base64.ts:
    id: "598522066688"
    last_write_checksum: sha1:d8ce4874a5ddbc12c9ef4a66341e4d294482fafa
    pristine_git_object: 0b2543a00780f8844dcd1fbdcbc51a91262d91bc
  src/lib/config.ts:
    id: 320761608fb3
    last_write_checksum: sha1:022f1aebdd5031b592009451ef63283727df381a
    pristine_git_object: 556100670e0d7fd926a3935fbdd8fcacc3d1d36b
  src/lib/dlv.ts:
    id: b1988214835a
    last_write_checksum: sha1:eaac763b22717206a6199104e0403ed17a4e2711
    pristine_git_object: f4c75aca30d4e0610454c7836af262a5a0cf7623
  src/lib/encodings.ts:
    id: 3bd8ead98afd
    last_write_checksum: sha1:dc49d0f18d3643c1c1311e8319100d1748625d03
    pristine_git_object: b87b4af1410f5d3a6e853c3882ed3e82ae8af05b
  src/lib/env.ts:
    id: c52972a3b198
    last_write_checksum: sha1:cc69fad8b19615f42fb18626605e615b404b1951
    pristine_git_object: bc466a745d5c11938c4c10b1602acaf509c67082
  src/lib/files.ts:
    id: e5efa54fcb95
    last_write_checksum: sha1:8818f0bb05afac75b9a39f22989296cc0722909d
    pristine_git_object: 457f4cedbcb15d70595b1d3083ee3289e8105fe2
  src/lib/http.ts:
    id: 63a80782d37e
    last_write_checksum: sha1:e60a1f9c9ffffd11bcf7fd47e51ac93f4ec1ba2d
    pristine_git_object: 326ee1a058794d1388fbb80359df9cb21e58566e
  src/lib/is-plain-object.ts:
    id: b9862591096a
    last_write_checksum: sha1:7d043eeb4ab74f94b84076f2cd455e589ad0d7c5
    pristine_git_object: 096b49bf45db19c025e039486f55c6acfb021e81
  src/lib/logger.ts:
    id: 7ee7741a02bf
    last_write_checksum: sha1:6615bc573f4a3922bb6c8cf8080142d9d8afd1ef
    pristine_git_object: 323f1895a0266be873f16a924dd58fa500dc97e5
  src/lib/matchers.ts:
    id: d54b2253b719
    last_write_checksum: sha1:90f3934dfb6edfb058651a9eac91afaf139ec59e
    pristine_git_object: 1d2e301821e4ae47da1a0a401a7ef7a1228a1651
  src/lib/primitives.ts:
    id: 74859f750b28
    last_write_checksum: sha1:ec6e7e036c52880b3dc5aab709d3b0395085e3a8
    pristine_git_object: bdff1670cd1cb5c37b39df43d8573616e7a568a7
  src/lib/retries.ts:
    id: b24a69d15639
    last_write_checksum: sha1:016edbbc4d9ac3b0be7760e034334e7bd7283a77
    pristine_git_object: 0059a5eb667527ef7ec58c24c9f95b634f3c992f
  src/lib/schemas.ts:
    id: deb4b531fae1
    last_write_checksum: sha1:05966947709f96ac5923db126dbbabeae98f033f
    pristine_git_object: a417a1acae2650a0a7df4827d8bd30c4f6a6a90c
  src/lib/sdks.ts:
    id: 8a6d91f1218d
    last_write_checksum: sha1:fd90b6377673e4211b45552f9b40c646319aabfd
    pristine_git_object: 58d404ad512a7d641f6d7238c93fdbfa69dc61f0
  src/lib/security.ts:
    id: 0502afa7922e
    last_write_checksum: sha1:db36c8dedfc5917793708e7588b9c0e9289130e6
    pristine_git_object: c467dc4b5b34b7566e94711dbbe3aaeb702a6a09
  src/lib/url.ts:
    id: b0057e24ed76
    last_write_checksum: sha1:d20760633113236809e01329fa51899bc286721a
    pristine_git_object: 99835829bf94169c99cfa82dbb933424972caed0
  src/models/errors/error-response.ts:
    id: 6459edd35024
    last_write_checksum: sha1:1e2dab6aef8b2ecb610e8a41560f0ab69dd82e55
    pristine_git_object: 88cf654374410c308e01fe09daf2e6a1e0b8fba2
  src/models/errors/http-client-errors.ts:
    id: 08390231aab8
    last_write_checksum: sha1:f4bd162e1ad77a0be1490fe5b40501e3d76a6e26
    pristine_git_object: f7bd0f8e593fb3d0290521c680fac24f344e3425
  src/models/errors/index.ts:
    id: c4e22507cb83
    last_write_checksum: sha1:f3a90a53130b8550920d5798913c6c60df2b997f
    pristine_git_object: d6499449ca8f936878b05c3259a4d6de3a02585c
  src/models/errors/response-validation-error.ts:
    id: a6ce701a9571
    last_write_checksum: sha1:2740669916d5a0748c1008dfa5b38dfe04bfbd63
    pristine_git_object: a7cfbd018777d8837c3542ea757dbd2e1eebf52d
  src/models/errors/sdk-validation-error.ts:
    id: 9b17e7ef247f
    last_write_checksum: sha1:f9cf6f7c307abdf51d1bf9f7f252836351eb1365
    pristine_git_object: 47a01d8094b8698069183ff095808323adac9575
  src/models/errors/vaibot-default-error.ts:
    id: 1cfc0d847cb9
    last_write_checksum: sha1:4ba68b9a55cd410629c0ecf8f96f6c9fcea1844b
    pristine_git_object: 65a9e1a0722b7e153f976ac3aa0ac00959e8cc02
  src/models/errors/vaibot-error.ts:
    id: f1e9c12b62fd
    last_write_checksum: sha1:1ca7d8a5d7194ee4faa466ebc2d7ea439fabbe89
    pristine_git_object: 5390006fa4300061b3c035a44c6725988a7ac09e
  src/models/index.ts:
    id: f93644b0f37e
    last_write_checksum: sha1:34973a6e5cf28595f84b2b36ae4e5c58c8d472ae
    pristine_git_object: c0948d40957d62dba62ef132a2fa1ab79c88c7ff
  src/models/operations/index.ts:
    id: 0d9ffaf774d2
    last_write_checksum: sha1:3424a32e0683910f0c306f462030828a03ee1fe6
    pristine_git_object: 213db239c1cf62bd302dba18b655b6f02a4cd411
  src/models/operations/post-verify.ts:
    id: 9b2d8328535a
    last_write_checksum: sha1:33fdd6373d9bb9c0431f1de4245e3fb55a7f3a9e
    pristine_git_object: fd6c91f0029ad1f639ab4c0b0590d51c740bbec1
  src/models/proof-result.ts:
    id: 52a15afe18f3
    last_write_checksum: sha1:032ad7adb10638a2d8fbf6edb9328117706f8753
    pristine_git_object: f33f97ce94fe13bd1f70618244885f3bd4ed8e7b
  src/models/prove-input.ts:
    id: 6031ea02a671
    last_write_checksum: sha1:d857b9149330c71ab73c0c937b1cab70f0b047c9
    pristine_git_object: abf0c94fb4108a22df60d16bb6d93bdccd03bc11
  src/models/security.ts:
    id: d90c6c784ca5
    last_write_checksum: sha1:71406f2a940327891c0342c6c0c97eac6312c79b
    pristine_git_object: abdbeb9934be467e8d5b38c009530844f7fe57c5
  src/models/usage-result.ts:
    id: 60e8732b5b4f
    last_write_checksum: sha1:ce8ded65622191fb96e7fda8a7e9641b4ee295dc
    pristine_git_object: 15f613a28cce5dc7c7f438a125095e2860f4c5b4
  src/models/verify-request-union.ts:
    id: 73652e1a3b81
    last_write_checksum: sha1:5dc0459e3e4711c478c00922b19ef39c889aee3a
    pristine_git_object: 124acb7affe3a9084bb863ba93b95fd9519a1858
  src/models/verify-result-not-verified.ts:
    id: 0eb34cd498aa
    last_write_checksum: sha1:07bb41e9e93a10cb56ec3b27fcbd61c95a5464f1
    pristine_git_object: fa1824527d5a486b1fafd5941e2051bf2a498e8a
  src/models/verify-result-verified.ts:
    id: d26d30fd309d
    last_write_checksum: sha1:525b91bd90daaf2541e4372f5d4722be270a38cc
    pristine_git_object: f314ec863da3d128b913516793225b8ac5e0cbf6
  src/sdk/index.ts:
    id: a857902a703f
    last_write_checksum: sha1:54cdd8319bfbee269b54b8c56988fc0a678f2ec3
    pristine_git_object: 5c82fe389f888827f98aa52788b850ef43422e07
  src/sdk/proofs.ts:
    id: 5f2c82ebc940
    last_write_checksum: sha1:30ca16f8f472998701fd1164ec10f373d7d38a87
    pristine_git_object: 1f287b0bbeaed2f698b6f5b8d4f64431b2b69d97
  src/sdk/sdk.ts:
    id: 784571af2f69
    last_write_checksum: sha1:26f221fbfd0891a003f4a903d2342c08cd047ea8
    pristine_git_object: 46439dd94e9d68c9c13949c7972e86cd12498a9f
  src/sdk/usage.ts:
    id: e4cbe77b260e
    last_write_checksum: sha1:77262ae913c95de324986f1cd542051d88de239a
    pristine_git_object: 3532664f710ba305c000566dd062f4d7de14c780
  src/types/async.ts:
    id: fac8da972f86
    last_write_checksum: sha1:e2a7c53b428567587741f38e6da489f596de6227
    pristine_git_object: 634e549aca9ff3ed96d8f3e7898f78ac6d752d60
  src/types/blobs.ts:
    id: f8ab9b326c86
    last_write_checksum: sha1:4dfe90cacffd2931c1d126288c0ada97ac0d50f3
    pristine_git_object: d279fae6ad9584390285843a49a0422707ac9b2a
  src/types/const-date-time.ts:
    id: b3487d7170f2
    last_write_checksum: sha1:db0268f55fd7369e3d50e716c036d5df8fcef0af
    pristine_git_object: e75c22bbf5213ab1c3e2f5a38e94930a6d13acf6
  src/types/default-to-zero-value.ts:
    id: 6e0f763ae8c8
    last_write_checksum: sha1:9158d1f08bffb2d8ff52511548fad7efefac5ac7
    pristine_git_object: 2d362b6c8700fbd510999908f5f95a5d3c07567b
  src/types/enums.ts:
    id: 4d03ddfe5100
    last_write_checksum: sha1:e754a7ea32bd376cdce9206f8658aaac8bd21de9
    pristine_git_object: c06f5f154d2a6f50b1bc9276977871d9a6b85206
  src/types/fp.ts:
    id: ae9f0fb8aab6
    last_write_checksum: sha1:fcf17e51e79a8e6894d0bea905f9be991617d23a
    pristine_git_object: 7d4f9f139bcbd770fe3d0850eaa6761758311b50
  src/types/index.ts:
    id: cd7a0a5ed005
    last_write_checksum: sha1:23c0ee4e643cf4fd013e3f5a9e97b14aa622735e
    pristine_git_object: 3e2cdbf239d7fea7c854ea55a27f9c698d3f7623
  src/types/operations.ts:
    id: 314da01dca47
    last_write_checksum: sha1:9afd9181120305f6916039b5bfc350b60db8fd51
    pristine_git_object: a1c2b38ea4c7cf6e4751168b55750a047ab3d1a2
  src/types/primitives.ts:
    id: 0cd7f4ac625d
    last_write_checksum: sha1:a96cd3def124e5d17a590913b4cbff3a618751bd
    pristine_git_object: d01f24ed23543e4e0f73ff8aa42941a6e6fe2025
  src/types/rfcdate.ts:
    id: 9eb64906dcd6
    last_write_checksum: sha1:a00ef5838da2b85c35da290dc01660845f8dbeb4
    pristine_git_object: 05a12a9ea1c818e7cb49104f009b6cc6376bac25
  src/types/smart-union.ts:
    id: 2e3af2ad4ea7
    last_write_checksum: sha1:8ee730e15f36590f2eae5875faea6e7a5224cafd
    pristine_git_object: d1775a0df688d695666e7237bc1253e96e22ba2f
  src/types/streams.ts:
    id: f99be9c4bf14
    last_write_checksum: sha1:21b75828c957ee30985ddcc9f9f2704991242a58
    pristine_git_object: 88c11154994b57fb078cef64729ba329636827a9
  src/types/unrecognized.ts:
    id: 476605c40716
    last_write_checksum: sha1:cd795949ae6d8f7e1945340607be6ebd1e3f0760
    pristine_git_object: 4ccb9fff749ad463884a4375063cc21884883d92
  tsconfig.json:
    id: 61ebb9fd6e8c
    last_write_checksum: sha1:c3ec7996536cdb9a54319e7d1eb3b199b733d34c
    pristine_git_object: 0ccdbe286a8780e06a469a9eb7e2fb95322fd507
examples:
  post_/prove:
    speakeasy-default-post-/prove:
      requestBody:
        application/json: {"content": "<value>", "encoding": "utf-8"}
      responses:
        "200":
          application/json: {"ok": true, "contentHash": "<value>", "agentAddress": "<value>", "signature": "<value>", "chainId": 61720, "registry": "<value>"}
        "400":
          application/json: {"ok": false, "error": "<value>"}
  post_/verify:
    speakeasy-default-post-/verify:
      requestBody:
        application/json: {"proofId": "<id>"}
      responses:
        "200":
          application/json: {"ok": true, "verified": false, "contentHash": "<value>", "chain": "<value>", "contractAddress": "<value>"}
        "400":
          application/json: {"ok": false, "error": "<value>"}
  get_/usage:
    speakeasy-default-get-/usage:
      responses:
        "200":
          application/json: {"month": "<value>", "quota": {"monthly": 675255, "used": 446827, "remaining": 765276}}
examplesVersion: 1.0.2
