lockVersion: 2.0.0
id: 0a43c187-9557-485a-b41a-f2da5cc94f9f
management:
  docChecksum: c24a3df51ae25e968173643076def21d
  docVersion: 2.0.0
  speakeasyVersion: 1.709.3
  generationVersion: 2.814.0
  releaseVersion: 0.1.2
  configChecksum: fa1954a7e983e1b9f92572adf84aae49
persistentEdits:
  generation_id: 41e25e8b-9fb1-47e6-afac-101d8163d824
  pristine_commit_hash: 6f9cbc0c1c8abd4b1275f8d2fbfd36eda72874ef
  pristine_tree_hash: 4ee25b05affb9ac9b95590139c0c92ef92e3928b
features:
  typescript:
    additionalDependencies: 0.1.0
    constsAndDefaults: 0.1.13
    core: 3.26.27
    defaultEnabledRetries: 0.1.0
    devContainers: 2.90.1
    enumUnions: 0.1.0
    envVarSecurityUsage: 0.1.2
    globalSecurity: 2.82.15
    globalSecurityCallbacks: 0.1.0
    globalSecurityFlattening: 0.1.0
    globalServerURLs: 2.83.0
    groups: 2.81.3
    methodArguments: 0.1.2
    nameOverrides: 2.81.2
    responseFormat: 0.3.0
    retries: 2.83.0
    sdkHooks: 0.4.0
    unions: 2.86.4
trackedFiles:
  .devcontainer/README.md:
    id: b170c0f184ac
    last_write_checksum: sha1:b6564d2a7c8ae764fff6d1b4666dcd787210a000
    pristine_git_object: cdef18c30e383534a868742e1b9148f2670606f9
  .devcontainer/devcontainer.json:
    id: b34062a34eb1
    last_write_checksum: sha1:d0b15193202c961e7d1875864ddb15f9d17c84dd
    pristine_git_object: 4d560dd5f40afaf10d96eb75b1f02cd48bbd640c
  .devcontainer/setup.sh:
    id: 5f1dfbfeb8eb
    last_write_checksum: sha1:36550e865100bef7df6b8a1926709c047957be59
    pristine_git_object: 33bd2484cfa30dcdb82a721c809df090a92d6fb7
  .gitattributes:
    id: 24139dae6567
    last_write_checksum: sha1:26d16d8297b104945139da8c25bd38feeaad3e25
    pristine_git_object: 113eead5093c17d43a46159132885318f281a68a
  .npmignore:
    id: aa70c1f807c3
    last_write_checksum: sha1:3d5eb92f81539175db1ff0280e0aefbdd701f200
    pristine_git_object: cf98a6bf092538eb10ff0edc915102682ce9a6e6
  FUNCTIONS.md:
    id: 21b9df02aaeb
    last_write_checksum: sha1:a5a973104b2e122081054484712bcce302e1d66a
    pristine_git_object: 857b4fef0eb9ae90287121824b7e99a115e11e8d
  RUNTIMES.md:
    id: 620c490847b6
    last_write_checksum: sha1:e45b854f02c357cbcfdb8c3663000e8339e16505
    pristine_git_object: 27731c3b5ace66bedc454ed5acbe15075aacd3dc
  USAGE.md:
    id: 3aed33ce6e6f
    last_write_checksum: sha1:922c3aa1cb92b6ba4d4297bb5aae24f1fe9e9b10
    pristine_git_object: e0f50e53661ef9919edd200a7359b5cb60aee43a
  docs/lib/utils/retryconfig.md:
    id: 0ce9707cb848
    last_write_checksum: sha1:bc4454e196fcd219f5a78da690375a884f5ed07b
    pristine_git_object: 08f95f4552349360b2c0b01802aa71ec3a55d2c2
  docs/models/encoding.md:
    id: 1ce07acea215
    last_write_checksum: sha1:a874578527b4789b7043344f1afb74843d47da78
    pristine_git_object: b8d21e30ad81b384d141bb821e49705da2e16f4a
  docs/models/errors/error-response.md:
    id: 42d2f6b1c814
    last_write_checksum: sha1:7495de2e7e20622aeb6ec5b647dfdb8325b94922
    pristine_git_object: 2cfb0026be2b9aa641c2e4e9bcf5bd01cd9b2ae6
  docs/models/operations/post-verify-response.md:
    id: ff32f2a728f6
    last_write_checksum: sha1:d99cb8e1f2531525262b80fd273001a0f0e0de99
    pristine_git_object: 0f344751431bf7154c6592cdfaae24111bc7c4b5
  docs/models/proof-result.md:
    id: 78f97dc35412
    last_write_checksum: sha1:bfec3e310be8a1818f34dd9b62bf045ec5083866
    pristine_git_object: d6068d3d19462c41c5dfadddf140558e70b4cb08
  docs/models/prove-input.md:
    id: e64eaf98fea0
    last_write_checksum: sha1:bba9be6201274b07399b729fa8741567a1784653
    pristine_git_object: ffd047772ff2d958be739c0dd2bb7d6e1ee6cfc5
  docs/models/quota.md:
    id: dcf2f6e46a8d
    last_write_checksum: sha1:31a3c9bd69f21ecbdb6424d202191c15c0853b12
    pristine_git_object: a746ce6d1740bde89d03977b0df4e44c85736985
  docs/models/security.md:
    id: 452e4d4eb67a
    last_write_checksum: sha1:b6f0c1acc3e9e0e886b2300c41d4be979599b674
    pristine_git_object: cf1553a9d9019ffc1f8c5e6482517671bd0caa7c
  docs/models/status.md:
    id: 959cd204aadf
    last_write_checksum: sha1:a284e9abdd43fc15ecb863640e49e46a3dc324d8
    pristine_git_object: 8a634899f0ce60c18fa130e8fb7baf03cf742504
  docs/models/usage-result.md:
    id: 7d5a30c25f86
    last_write_checksum: sha1:d6999c778c98e678f7ec17f3cf525b4c1f585eeb
    pristine_git_object: 90ed98ebad50b5697c7f33ed4dab277cb8413259
  docs/models/verify-request-union.md:
    id: 9a0d7c4b82ae
    last_write_checksum: sha1:d555a3f76919275b4ef8a9ca65a6479bc757340d
    pristine_git_object: e4880c17541c741baec7d54206f8674931edfff4
  docs/models/verify-request1.md:
    id: 15e6ec14a200
    last_write_checksum: sha1:d86daca150c2d28f5b99b57b2f0569ad642f4138
    pristine_git_object: 0e71aaf781c98449405a4e7b1c54fa827fe20511
  docs/models/verify-request2.md:
    id: 3f5b5c3ef4f4
    last_write_checksum: sha1:777e22a7d31d92546fa1184c56612092452b98ac
    pristine_git_object: 7ded3d0b3097e8de40a1ac525f12e86a297ea227
  docs/models/verify-result-not-verified.md:
    id: f8344f303548
    last_write_checksum: sha1:6fb2ae52d0a5fed4ec9b6d48c3e8657c924e577d
    pristine_git_object: 06a4ce43b93f6afb054516de6ffe9cd15fe5bc59
  docs/models/verify-result-verified.md:
    id: ec0bf350e285
    last_write_checksum: sha1:4b2225b2d7d7e84144b1c83489f13926e7068e12
    pristine_git_object: f3bee0b0dcadc735698f69b4fe2c8b7266bc88f5
  docs/sdks/proofs/README.md:
    id: 4117db1692ca
    last_write_checksum: sha1:574919d6172b056f8a1db8ca061f7000c5d29616
    pristine_git_object: 9c813f5bb0f13104f808322ed5ffd5cf7bc2890e
  docs/sdks/usage/README.md:
    id: 631af2d7ce26
    last_write_checksum: sha1:3446a096f3ef15e76c4ab75357cb5ced1dd2ce6d
    pristine_git_object: 2c76761902f1d57ffab229674899fb0bb8e96809
  eslint.config.mjs:
    id: 461c8d07f6da
    last_write_checksum: sha1:9398f326377fe47f67af2df6eb6370750c0790b4
    pristine_git_object: 67bccfec985be20a00970d90155752832dd47135
  examples/.env.template:
    id: 52cbe5afed92
    last_write_checksum: sha1:8cb5c6e33529a9eb3e07c699481d492445aab68a
    pristine_git_object: e73beb9738b11038aaa28847f312982f5103163c
  examples/README.md:
    id: 9d0f69d6e677
    last_write_checksum: sha1:1478c1c12f79c53678c2ec436e8e858c60b59e38
    pristine_git_object: 202b5330f9c9431e7b25b386843a97831dba622e
  examples/package.json:
    id: c1d7b0ec8e7e
    last_write_checksum: sha1:c98265ae0db7b66b03437b488e80a0d49422b362
    pristine_git_object: a31ab193f651a05169366640048086f9e5fce68d
  examples/proofsCreate.example.ts:
    id: 1da52e43fb9b
    last_write_checksum: sha1:aa4e29d9239747c7fc224a67c63e191fac5f6e58
    pristine_git_object: 9538aa94238a433aac3b721577c52217c4e1cccf
  jsr.json:
    id: 7f6ab7767282
    last_write_checksum: sha1:119bb9621be825c2048cc50a5ee3591faf98e817
    pristine_git_object: 705941bb10b7cb41ed4a2a776e3d907ad8c2899f
  package.json:
    id: 7030d0b2f71b
    last_write_checksum: sha1:59b546bd86057f4c0d9b95f29b0e3b4bbec0a547
    pristine_git_object: 867c8b4c7c61ea330327babea8c77b488438eb28
  src/core.ts:
    id: f431fdbcd144
    last_write_checksum: sha1:1aa0a42a2097cc3064f2018433a07c8ee7160902
    pristine_git_object: 63cd2b9f23e50e335c4230e8b3b81d0bdd01b1d0
  src/funcs/proofs-create.ts:
    id: c84d09867ad4
    last_write_checksum: sha1:06f0e0d8f106be1f64d49f251f9d7a07459f0d00
    pristine_git_object: 34f6764fefa59f29239793c437f39c2316372384
  src/funcs/proofs-verify.ts:
    id: 6c60d169acf0
    last_write_checksum: sha1:cc4ffb81b25304657b7a71da2217d4d9a0deefcd
    pristine_git_object: 6ed9a2bc850d32b60ebf727873e5d9f78a83f3a2
  src/funcs/usage-get.ts:
    id: ee0baee06d7b
    last_write_checksum: sha1:8f0c07e4df3c8cbf242606d7be46fe0b84011485
    pristine_git_object: bac5c2547eeef1a944198d72ec397ebb47a30850
  src/hooks/hooks.ts:
    id: a2463fc6f69b
    last_write_checksum: sha1:7dd975bbcc46a32dd394f86a4652b74ecc70d874
    pristine_git_object: 7ed9e0445ac189e0f90687c6ef602212702bde90
  src/hooks/index.ts:
    id: 5f2dab62b520
    last_write_checksum: sha1:1a11c073a6cd792932218e1d4ed36b8567bad8ef
    pristine_git_object: f60ec7acd76141a71d78008c5a362eb0236d8335
  src/hooks/types.ts:
    id: 2a02d86ec24f
    last_write_checksum: sha1:27a3444c4839bec58ae89820fd8c2483edafc3f4
    pristine_git_object: 9c36bf01332084f735909a71036c3544cc4c7e3a
  src/index.ts:
    id: c5fb850250c7
    last_write_checksum: sha1:35c9cde3ae14b18b3f893a1afe8b6c44f8760f24
    pristine_git_object: dbcba164a0082e3bb8c43cf21fa7f8ffb9d35dfc
  src/lib/base64.ts:
    id: "598522066688"
    last_write_checksum: sha1:8c94164f2f78e6041c853186fa01f659591f5913
    pristine_git_object: 44be0eae8246521b230e8e711a88eff738fc015d
  src/lib/config.ts:
    id: 320761608fb3
    last_write_checksum: sha1:3453ecef5bafd99aaf974ef3c57ea2a21acfd719
    pristine_git_object: ee62d63ef7682cf023491e01d51dd2bd472699bf
  src/lib/dlv.ts:
    id: b1988214835a
    last_write_checksum: sha1:1dd3e3fbb4550c4bf31f5ef997faff355d6f3250
    pristine_git_object: e81091f5e536f82739f71379b1fddc2d147c49e2
  src/lib/encodings.ts:
    id: 3bd8ead98afd
    last_write_checksum: sha1:7b206b995d985c9c1c89856a23346cf87c22d374
    pristine_git_object: 25d1d8032a69f56da1ac1df00a48ecf73457a1ef
  src/lib/env.ts:
    id: c52972a3b198
    last_write_checksum: sha1:46498c15a84b2acf43a6eafc4617b474525a24e1
    pristine_git_object: 8265506d54e377ca00bbce51d6d932f39042e13c
  src/lib/files.ts:
    id: e5efa54fcb95
    last_write_checksum: sha1:d0f325f445b8d22e7d73baf052c585ec2dd24841
    pristine_git_object: 0344cd046d033f9e8a55de02f7935c5cec5dc30b
  src/lib/http.ts:
    id: 63a80782d37e
    last_write_checksum: sha1:797cbf16d3c7c4d62d3ba0eedb08617524938457
    pristine_git_object: 13cf1fd7894a89f727b8d2db2ad24313a94f68c7
  src/lib/is-plain-object.ts:
    id: b9862591096a
    last_write_checksum: sha1:df687f25a9590b6fd95d39df41a652ae3fd4e517
    pristine_git_object: 61070d3d7c7e5e95b1ed7e7ea21869eb0767db77
  src/lib/logger.ts:
    id: 7ee7741a02bf
    last_write_checksum: sha1:0ec9d3a2a34c362746b767e4f9a746c055d57a7b
    pristine_git_object: d181f2937d4128afbe9b0327e0f81d1fa9c877b7
  src/lib/matchers.ts:
    id: d54b2253b719
    last_write_checksum: sha1:27adaa7378ffb101227d4fded7a29365b8469205
    pristine_git_object: 4c027ddfcb27e81324433ccc3c3158c75bb35c62
  src/lib/primitives.ts:
    id: 74859f750b28
    last_write_checksum: sha1:987869fc54790b9c22e9182099103d6aa7c67016
    pristine_git_object: d21f1dc49affa4e6d324bdd60811b470fdfa7eb6
  src/lib/retries.ts:
    id: b24a69d15639
    last_write_checksum: sha1:f3da74dffcbe2756c69393f8600205aa1dc06e68
    pristine_git_object: e3ce9aba72150fc3c18f3105d39b21aba809377b
  src/lib/schemas.ts:
    id: deb4b531fae1
    last_write_checksum: sha1:b4b5fd22340ebd5b2914ee7b177c797b28fba7ef
    pristine_git_object: cf280491bf54dbd4d78e5c071c3b85cf5ca9e35e
  src/lib/sdks.ts:
    id: 8a6d91f1218d
    last_write_checksum: sha1:c850358fbfc76aef8a73a028f58ed4e048116df2
    pristine_git_object: f6238c196be231d19bc2e82daeb00a8a4b4098d7
  src/lib/security.ts:
    id: 0502afa7922e
    last_write_checksum: sha1:3363d87d9c0da7407d62796a71a0285e9fe41ecb
    pristine_git_object: a01971559ec3b06570ac83606336d95a443af889
  src/lib/url.ts:
    id: b0057e24ed76
    last_write_checksum: sha1:d124050c7e755c0cce233b9e029afb584ff65201
    pristine_git_object: f3a8de6c021de59c991707946cd294596cae954d
  src/models/errors/error-response.ts:
    id: 6459edd35024
    last_write_checksum: sha1:e5950e7d2a8b822f749ea58c16ebc071fe99a761
    pristine_git_object: 1456171d91edafbc06a1450ab6e569aa96c5b44e
  src/models/errors/http-client-errors.ts:
    id: 08390231aab8
    last_write_checksum: sha1:994ced121c54fecd0af038ccfb7855fbfd3868ec
    pristine_git_object: b34f612124c797c2a1106b9735708f679a90b74f
  src/models/errors/index.ts:
    id: c4e22507cb83
    last_write_checksum: sha1:e60b2d9e1ceb7a584ebf216b6dab4679b2a8c591
    pristine_git_object: f71d9847c81027b66730467ff65ad667d9a94632
  src/models/errors/response-validation-error.ts:
    id: a6ce701a9571
    last_write_checksum: sha1:2070d20379a76e59180e12662935ddb3e08d0de4
    pristine_git_object: a06a6c90734a7fa51815d3f7c06accf97741cf6c
  src/models/errors/sdk-validation-error.ts:
    id: 9b17e7ef247f
    last_write_checksum: sha1:92771987c251f02fd86cfd824a3be709cd3c2837
    pristine_git_object: db00022e05d55600252f401eb0e6ab46278e0b07
  src/models/errors/vaibot-default-error.ts:
    id: 1cfc0d847cb9
    last_write_checksum: sha1:64577f78713ec18896728b5a6780b5b08f517f8d
    pristine_git_object: cf99f38bdfbb7eea011961772c8d39cad80f7829
  src/models/errors/vaibot-error.ts:
    id: f1e9c12b62fd
    last_write_checksum: sha1:c818e9f0dfc9e97d09ffa0ef4a4e05a43ea0081d
    pristine_git_object: 7e44a7e572160e1c18b70e2618f424cae28c22d6
  src/models/index.ts:
    id: f93644b0f37e
    last_write_checksum: sha1:e29b16ca296a3e447075c23203ec785a49796197
    pristine_git_object: ae1f6013999be30ae82d372c259d02a017cf0896
  src/models/operations/index.ts:
    id: 0d9ffaf774d2
    last_write_checksum: sha1:9fece139741766de804de6e35b3cea68f97d2079
    pristine_git_object: 76ff5f8929f58582919d441bed80197dced87eb9
  src/models/operations/post-verify.ts:
    id: 9b2d8328535a
    last_write_checksum: sha1:064156b26dc58b56202f3fdbca8f6f4ecd5e09b5
    pristine_git_object: 8bff73353276f47911f6298b6fd372632319a8af
  src/models/proof-result.ts:
    id: 52a15afe18f3
    last_write_checksum: sha1:90137f2919e181b5ff0a9a308256194020426b32
    pristine_git_object: 6e02c701ccc92ee4fa3aca7587ea23aea3cf8df4
  src/models/prove-input.ts:
    id: 6031ea02a671
    last_write_checksum: sha1:e489b943918e493d407c9ac4bcfd36fc464b8c26
    pristine_git_object: e3cc5d03399736e5b16065418e6abeb625fa14fe
  src/models/security.ts:
    id: d90c6c784ca5
    last_write_checksum: sha1:6c4a5e24407a47690dd025f130693bb2354fea11
    pristine_git_object: 40d121d43969420e156c15c1e7b1fb774d1b6b17
  src/models/usage-result.ts:
    id: 60e8732b5b4f
    last_write_checksum: sha1:cb5905b7fef754a64b711bdc5a031cd97f950304
    pristine_git_object: 36125068df10e598efd7689043e68c28305e83f2
  src/models/verify-request-union.ts:
    id: 73652e1a3b81
    last_write_checksum: sha1:c17ace5ded8266021503d4d1e04bdef397b848c0
    pristine_git_object: a3e4cc9fe8543d64bac7cce6d72dfa0276b71bf4
  src/models/verify-result-not-verified.ts:
    id: 0eb34cd498aa
    last_write_checksum: sha1:61abc8666e2ec5539c21db9decafc6128e99bcf6
    pristine_git_object: b5427a79b0b6c48eece9a52dfbec58dd56f7de9d
  src/models/verify-result-verified.ts:
    id: d26d30fd309d
    last_write_checksum: sha1:352ee5b63c2d33b9df11a8433716564c35d52ccd
    pristine_git_object: 2c1f1265aa42f775bc15205959ea546bab3cbb3f
  src/sdk/index.ts:
    id: a857902a703f
    last_write_checksum: sha1:ed6d64f2a6135349aa8498b8d8cff9ba85c7fb8f
    pristine_git_object: ecac2264817bb369ff2dbf0f0e9029807e67ff77
  src/sdk/proofs.ts:
    id: 5f2c82ebc940
    last_write_checksum: sha1:e8d0ebe4d6a1609b01a17537147a7b5a4acc52fd
    pristine_git_object: 5ec2f430f2c121e74d0fae83fee9285e9d3e6f71
  src/sdk/sdk.ts:
    id: 784571af2f69
    last_write_checksum: sha1:90656d5c5e3e53a12b9f1c185857757e03370d6f
    pristine_git_object: 6f07485d64940858b7b74a36154f15f152e51a78
  src/sdk/usage.ts:
    id: e4cbe77b260e
    last_write_checksum: sha1:ce7ce5ab3cf2e225229a70340b8e8e56ff2599d5
    pristine_git_object: 9bf6c718fdd2c6d853b39c6382ad099fe792a750
  src/types/async.ts:
    id: fac8da972f86
    last_write_checksum: sha1:3ff07b3feaf390ec1aeb18ff938e139c6c4a9585
    pristine_git_object: 689dba5de50e8769e5f3bb913e3f42a146d15bc1
  src/types/blobs.ts:
    id: f8ab9b326c86
    last_write_checksum: sha1:fd681458b532138913c372b05b3e16407abaa7a1
    pristine_git_object: 3deb988d444f7d202eda723492d7c1d76c5c208d
  src/types/const-date-time.ts:
    id: b3487d7170f2
    last_write_checksum: sha1:ce05316b31b373401875d5e962d63d2422e09cf2
    pristine_git_object: 586ee46aa2273cdf680bb542b4ef5dd953a48a08
  src/types/default-to-zero-value.ts:
    id: 6e0f763ae8c8
    last_write_checksum: sha1:2820c0bc8e71d475e79cc6b6947ca18d93f6310c
    pristine_git_object: c4cad53db08687649a55c711c4f4b3a29f7b7d24
  src/types/enums.ts:
    id: 4d03ddfe5100
    last_write_checksum: sha1:d7d0ffad0c128a11c5feb1f0ae8f3b507ee03c14
    pristine_git_object: a523bdde4b5b8144cf26414e32fc2319f2c466fa
  src/types/fp.ts:
    id: ae9f0fb8aab6
    last_write_checksum: sha1:d24994d58f37a1ca106847fcc6d2e976c6f1c093
    pristine_git_object: ccbe51eac69dfb0da5131f14fd753c4b47c1d527
  src/types/index.ts:
    id: cd7a0a5ed005
    last_write_checksum: sha1:a591fec0ad2231615101ebb6a95cc4d043733a6c
    pristine_git_object: d75cb43bf5811991f96203650c264af2b4c78b41
  src/types/operations.ts:
    id: 314da01dca47
    last_write_checksum: sha1:c49e724cfb1259296381cb57bc0fcdd2eae45865
    pristine_git_object: beb81e10f0b9eee2ed398a853fe6f737b743f818
  src/types/primitives.ts:
    id: 0cd7f4ac625d
    last_write_checksum: sha1:7bdf6c790bdbcb8e369088557c42878f5270a701
    pristine_git_object: 6180991492b8b6afccb3bb808010d4a15823168f
  src/types/rfcdate.ts:
    id: 9eb64906dcd6
    last_write_checksum: sha1:8e5f382e02fe21c2f2e24deb1b7bbf8cddd3dd16
    pristine_git_object: c79b3f53a3dd922aa2ace5a4191c8652cf9a8e89
  src/types/smart-union.ts:
    id: 2e3af2ad4ea7
    last_write_checksum: sha1:9928dbec2d8ad501da8518c10ec6df3b441eb5c9
    pristine_git_object: a9db55cfc1d1cbdcc480dfa5eeead3ee526d6953
  src/types/streams.ts:
    id: f99be9c4bf14
    last_write_checksum: sha1:cc9ced2dd34a76c3a1bd7784ccda1cc3b37ab9a9
    pristine_git_object: a0163e7a99cea88f21d0ad4ce3af1c720180ee20
  src/types/unrecognized.ts:
    id: 476605c40716
    last_write_checksum: sha1:d33ac686528492f4cdc0dbf81ed343b4afe020fe
    pristine_git_object: b7a2a13f3dff50663429df24ae2f55b647ff1084
  tsconfig.json:
    id: 61ebb9fd6e8c
    last_write_checksum: sha1:c3ec7996536cdb9a54319e7d1eb3b199b733d34c
    pristine_git_object: 0ccdbe286a8780e06a469a9eb7e2fb95322fd507
examples:
  post_/prove:
    speakeasy-default-post-/prove:
      requestBody:
        application/json: {"content": "<value>", "encoding": "utf-8"}
      responses:
        "200":
          application/json: {"ok": true, "contentHash": "<value>", "agentAddress": "<value>", "signature": "<value>", "chainId": 61720, "registry": "<value>"}
        "400":
          application/json: {"ok": false, "error": "<value>"}
  post_/verify:
    speakeasy-default-post-/verify:
      requestBody:
        application/json: {"proofId": "<id>"}
      responses:
        "200":
          application/json: {"ok": true, "verified": false, "contentHash": "<value>", "chain": "<value>", "contractAddress": "<value>"}
        "400":
          application/json: {"ok": false, "error": "<value>"}
  get_/usage:
    speakeasy-default-get-/usage:
      responses:
        "200":
          application/json: {"month": "<value>", "quota": {"monthly": 675255, "used": 446827, "remaining": 765276}}
examplesVersion: 1.0.2
