speakeasyVersion: 1.711.0
sources:
    Vaibot SDK API:
        sourceNamespace: vaibot-sdk-api
        sourceRevisionDigest: sha256:8cd00e4937ad142360bc7ff28307b47c0871ffe707239d1ac98e1d01c1ad8a98
        sourceBlobDigest: sha256:c0dc2e02d47a09017032324ec2f4c534c00ff703cbc21f1a17e97aa51631d052
        tags:
            - latest
            - 2.0.0
targets:
    vaibot:
        source: Vaibot SDK API
        sourceNamespace: vaibot-sdk-api
        sourceRevisionDigest: sha256:8cd00e4937ad142360bc7ff28307b47c0871ffe707239d1ac98e1d01c1ad8a98
        sourceBlobDigest: sha256:c0dc2e02d47a09017032324ec2f4c534c00ff703cbc21f1a17e97aa51631d052
        codeSamplesNamespace: vaibot-sdk-api-typescript-code-samples
        codeSamplesRevisionDigest: sha256:52cc4da2c692e356ae0d6cfaa609c9223c5804e6723325436921b81d4e3848f3
workflow:
    workflowVersion: 1.0.0
    speakeasyVersion: latest
    sources:
        Vaibot SDK API:
            inputs:
                - location: ./openapi.yaml
            overlays:
                - location: .speakeasy/speakeasy-modifications-overlay.yaml
            output: .speakeasy/out.openapi.yaml
            registry:
                location: registry.speakeasyapi.dev/campbell-labs-llc/vaibot/vaibot-sdk-api
    targets:
        vaibot:
            target: typescript
            source: Vaibot SDK API
            publish:
                npm:
                    token: $npm_token
            codeSamples:
                registry:
                    location: registry.speakeasyapi.dev/campbell-labs-llc/vaibot/vaibot-sdk-api-typescript-code-samples
                labelOverride:
                    fixedValue: Typescript (SDK)
                blocking: false
