speakeasyVersion: 1.709.3
sources:
    Vaibot SDK API:
        sourceNamespace: vaibot-sdk-api
        sourceRevisionDigest: sha256:62434b82f1b09b5296b835e5feddf04ff62b006326bd98fc6d6d03e92598b6fc
        sourceBlobDigest: sha256:6614f2a02deb7fbf938ca04e474e8dde85d128e0516d49e6445624eb4b53bee3
        tags:
            - latest
            - 2.0.0
targets:
    vaibot:
        source: Vaibot SDK API
        sourceNamespace: vaibot-sdk-api
        sourceRevisionDigest: sha256:62434b82f1b09b5296b835e5feddf04ff62b006326bd98fc6d6d03e92598b6fc
        sourceBlobDigest: sha256:6614f2a02deb7fbf938ca04e474e8dde85d128e0516d49e6445624eb4b53bee3
        codeSamplesNamespace: vaibot-sdk-api-typescript-code-samples
        codeSamplesRevisionDigest: sha256:96e489d6d1463f4003ff858eda227047be1a6e46323c5f100763f94aa903db8f
workflow:
    workflowVersion: 1.0.0
    speakeasyVersion: latest
    sources:
        Vaibot SDK API:
            inputs:
                - location: ./openapi.yaml
            overlays:
                - location: .speakeasy/speakeasy-modifications-overlay.yaml
            output: .speakeasy/out.openapi.yaml
            registry:
                location: registry.speakeasyapi.dev/campbell-labs-llc/vaibot/vaibot-sdk-api
    targets:
        vaibot:
            target: typescript
            source: Vaibot SDK API
            codeSamples:
                registry:
                    location: registry.speakeasyapi.dev/campbell-labs-llc/vaibot/vaibot-sdk-api-typescript-code-samples
                labelOverride:
                    fixedValue: Typescript (SDK)
                blocking: false
